
Microsoft Visual Studio Solution File, Format Version 12.00
# Visual Studio Version 16
VisualStudioVersion = 16.0.28315.86
MinimumVisualStudioVersion = 10.0.40219.1
Project("{2150E333-8FDC-42A3-9474-1A3956D46DE8}") = "Engine", "Engine", "{EBF5809F-223A-415F-8512-FBC82017125C}"
EndProject
Project("{2150E333-8FDC-42A3-9474-1A3956D46DE8}") = "Games", "Games", "{80129139-68F6-40FC-BFF6-B85EDCF610C6}"
EndProject
Project("{8BC9CEB8-8B4A-11D0-8D11-00A0C91BC942}") = "UE4", "Intermediate\ProjectFiles\UE4.vcxproj", "{E2060BE5-5CDE-4FAB-9580-D22AA17C2AC0}"
EndProject
Project("{8BC9CEB8-8B4A-11D0-8D11-00A0C91BC942}") = "BuildingEscape", "Intermediate\ProjectFiles\BuildingEscape.vcxproj", "{96A31781-2252-4A1A-8FC4-59EF79DD6B77}"
EndProject
Project("{2150E333-8FDC-42A3-9474-1A3956D46DE8}") = "Visualizers", "Visualizers", "{34CA3A07-E905-4398-A377-FF1CD9C0319C}"
	ProjectSection(SolutionItems) = preProject
		..\..\..\..\..\..\..\Program Files (x86)\Epic Games\UE_4.22\Engine\Extras\VisualStudioDebugging\UE4.natvis = ..\..\..\..\..\..\..\Program Files (x86)\Epic Games\UE_4.22\Engine\Extras\VisualStudioDebugging\UE4.natvis
	EndProjectSection
EndProject
Global
	GlobalSection(SolutionConfigurationPlatforms) = preSolution
		DebugGame Editor|HTML5 = DebugGame Editor|HTML5
		DebugGame Editor|Win32 = DebugGame Editor|Win32
		DebugGame Editor|Win64 = DebugGame Editor|Win64
		DebugGame|HTML5 = DebugGame|HTML5
		DebugGame|Win32 = DebugGame|Win32
		DebugGame|Win64 = DebugGame|Win64
		Development Editor|HTML5 = Development Editor|HTML5
		Development Editor|Win32 = Development Editor|Win32
		Development Editor|Win64 = Development Editor|Win64
		Development|HTML5 = Development|HTML5
		Development|Win32 = Development|Win32
		Development|Win64 = Development|Win64
		Shipping|HTML5 = Shipping|HTML5
		Shipping|Win32 = Shipping|Win32
		Shipping|Win64 = Shipping|Win64
	EndGlobalSection
	GlobalSection(ProjectConfigurationPlatforms) = postSolution
		{E2060BE5-5CDE-4FAB-9580-D22AA17C2AC0}.DebugGame Editor|HTML5.ActiveCfg = BuiltWithUnrealBuildTool|Win32
		{E2060BE5-5CDE-4FAB-9580-D22AA17C2AC0}.DebugGame Editor|Win32.ActiveCfg = BuiltWithUnrealBuildTool|Win32
		{E2060BE5-5CDE-4FAB-9580-D22AA17C2AC0}.DebugGame Editor|Win64.ActiveCfg = BuiltWithUnrealBuildTool|Win32
		{E2060BE5-5CDE-4FAB-9580-D22AA17C2AC0}.DebugGame|HTML5.ActiveCfg = BuiltWithUnrealBuildTool|Win32
		{E2060BE5-5CDE-4FAB-9580-D22AA17C2AC0}.DebugGame|Win32.ActiveCfg = BuiltWithUnrealBuildTool|Win32
		{E2060BE5-5CDE-4FAB-9580-D22AA17C2AC0}.DebugGame|Win64.ActiveCfg = BuiltWithUnrealBuildTool|Win32
		{E2060BE5-5CDE-4FAB-9580-D22AA17C2AC0}.Development Editor|HTML5.ActiveCfg = BuiltWithUnrealBuildTool|Win32
		{E2060BE5-5CDE-4FAB-9580-D22AA17C2AC0}.Development Editor|Win32.ActiveCfg = BuiltWithUnrealBuildTool|Win32
		{E2060BE5-5CDE-4FAB-9580-D22AA17C2AC0}.Development Editor|Win64.ActiveCfg = BuiltWithUnrealBuildTool|Win32
		{E2060BE5-5CDE-4FAB-9580-D22AA17C2AC0}.Development|HTML5.ActiveCfg = BuiltWithUnrealBuildTool|Win32
		{E2060BE5-5CDE-4FAB-9580-D22AA17C2AC0}.Development|Win32.ActiveCfg = BuiltWithUnrealBuildTool|Win32
		{E2060BE5-5CDE-4FAB-9580-D22AA17C2AC0}.Development|Win64.ActiveCfg = BuiltWithUnrealBuildTool|Win32
		{E2060BE5-5CDE-4FAB-9580-D22AA17C2AC0}.Shipping|HTML5.ActiveCfg = BuiltWithUnrealBuildTool|Win32
		{E2060BE5-5CDE-4FAB-9580-D22AA17C2AC0}.Shipping|Win32.ActiveCfg = BuiltWithUnrealBuildTool|Win32
		{E2060BE5-5CDE-4FAB-9580-D22AA17C2AC0}.Shipping|Win64.ActiveCfg = BuiltWithUnrealBuildTool|Win32
		{96A31781-2252-4A1A-8FC4-59EF79DD6B77}.DebugGame Editor|HTML5.ActiveCfg = Invalid|Win32
		{96A31781-2252-4A1A-8FC4-59EF79DD6B77}.DebugGame Editor|Win32.ActiveCfg = Invalid|Win32
		{96A31781-2252-4A1A-8FC4-59EF79DD6B77}.DebugGame Editor|Win64.ActiveCfg = DebugGame_Editor|x64
		{96A31781-2252-4A1A-8FC4-59EF79DD6B77}.DebugGame Editor|Win64.Build.0 = DebugGame_Editor|x64
		{96A31781-2252-4A1A-8FC4-59EF79DD6B77}.DebugGame|HTML5.ActiveCfg = HTML5_DebugGame|Win32
		{96A31781-2252-4A1A-8FC4-59EF79DD6B77}.DebugGame|HTML5.Build.0 = HTML5_DebugGame|Win32
		{96A31781-2252-4A1A-8FC4-59EF79DD6B77}.DebugGame|Win32.ActiveCfg = DebugGame|Win32
		{96A31781-2252-4A1A-8FC4-59EF79DD6B77}.DebugGame|Win32.Build.0 = DebugGame|Win32
		{96A31781-2252-4A1A-8FC4-59EF79DD6B77}.DebugGame|Win64.ActiveCfg = DebugGame|x64
		{96A31781-2252-4A1A-8FC4-59EF79DD6B77}.DebugGame|Win64.Build.0 = DebugGame|x64
		{96A31781-2252-4A1A-8FC4-59EF79DD6B77}.Development Editor|HTML5.ActiveCfg = Invalid|Win32
		{96A31781-2252-4A1A-8FC4-59EF79DD6B77}.Development Editor|Win32.ActiveCfg = Invalid|Win32
		{96A31781-2252-4A1A-8FC4-59EF79DD6B77}.Development Editor|Win64.ActiveCfg = Development_Editor|x64
		{96A31781-2252-4A1A-8FC4-59EF79DD6B77}.Development Editor|Win64.Build.0 = Development_Editor|x64
		{96A31781-2252-4A1A-8FC4-59EF79DD6B77}.Development|HTML5.ActiveCfg = HTML5_Development|Win32
		{96A31781-2252-4A1A-8FC4-59EF79DD6B77}.Development|HTML5.Build.0 = HTML5_Development|Win32
		{96A31781-2252-4A1A-8FC4-59EF79DD6B77}.Development|Win32.ActiveCfg = Development|Win32
		{96A31781-2252-4A1A-8FC4-59EF79DD6B77}.Development|Win32.Build.0 = Development|Win32
		{96A31781-2252-4A1A-8FC4-59EF79DD6B77}.Development|Win64.ActiveCfg = Development|x64
		{96A31781-2252-4A1A-8FC4-59EF79DD6B77}.Development|Win64.Build.0 = Development|x64
		{96A31781-2252-4A1A-8FC4-59EF79DD6B77}.Shipping|HTML5.ActiveCfg = HTML5_Shipping|Win32
		{96A31781-2252-4A1A-8FC4-59EF79DD6B77}.Shipping|HTML5.Build.0 = HTML5_Shipping|Win32
		{96A31781-2252-4A1A-8FC4-59EF79DD6B77}.Shipping|Win32.ActiveCfg = Shipping|Win32
		{96A31781-2252-4A1A-8FC4-59EF79DD6B77}.Shipping|Win32.Build.0 = Shipping|Win32
		{96A31781-2252-4A1A-8FC4-59EF79DD6B77}.Shipping|Win64.ActiveCfg = Shipping|x64
		{96A31781-2252-4A1A-8FC4-59EF79DD6B77}.Shipping|Win64.Build.0 = Shipping|x64
	EndGlobalSection
	GlobalSection(SolutionProperties) = preSolution
		HideSolutionNode = FALSE
	EndGlobalSection
	GlobalSection(NestedProjects) = preSolution
		{E2060BE5-5CDE-4FAB-9580-D22AA17C2AC0} = {EBF5809F-223A-415F-8512-FBC82017125C}
		{96A31781-2252-4A1A-8FC4-59EF79DD6B77} = {80129139-68F6-40FC-BFF6-B85EDCF610C6}
	EndGlobalSection
EndGlobal
